{
  "name": "test",
  "requires": true,
  "lockfileVersion": 1,
  "dependencies": {
    "@lartplus/cli-service": {
      "version": "0.0.10-alpha.0",
      "resolved": "https://registry.npmjs.org/@lartplus/cli-service/-/cli-service-0.0.10-alpha.0.tgz",
      "integrity": "sha512-aBjfr0TItRTQFngzlFNMq9MSFQQaJzOx/ihjyjwi3baVGgIn1d03PeEJB6I7EV9q49ZEvjCIXSVAAXGehigRVg=="
    }
  },
  "version": "0.0.12"
}
